// !$*UTF8*$!
{
	archiveVersion = 1;
	classes = {
	};
	objectVersion = 50;
	objects = {

/* Begin PBXBuildFile section */
		FA334DEF243C83DB00FB825B /* AppDelegate.swift in Sources */ = {isa = PBXBuildFile; fileRef = FA334DEE243C83DB00FB825B /* AppDelegate.swift */; };
		FA334DF1243C83DB00FB825B /* SceneDelegate.swift in Sources */ = {isa = PBXBuildFile; fileRef = FA334DF0243C83DB00FB825B /* SceneDelegate.swift */; };
		FA334DF3243C83DB00FB825B /* ViewController.swift in Sources */ = {isa = PBXBuildFile; fileRef = FA334DF2243C83DB00FB825B /* ViewController.swift */; };
		FA334DF6243C83DB00FB825B /* Main.storyboard in Resources */ = {isa = PBXBuildFile; fileRef = FA334DF4243C83DB00FB825B /* Main.storyboard */; };
		FA334DF8243C83E000FB825B /* Assets.xcassets in Resources */ = {isa = PBXBuildFile; fileRef = FA334DF7243C83E000FB825B /* Assets.xcassets */; };
		FA334DFB243C83E000FB825B /* LaunchScreen.storyboard in Resources */ = {isa = PBXBuildFile; fileRef = FA334DF9243C83E000FB825B /* LaunchScreen.storyboard */; };
		FA334E03243C8E0800FB825B /* Quiz.swift in Sources */ = {isa = PBXBuildFile; fileRef = FA334E02243C8E0800FB825B /* Quiz.swift */; };
		FA334E08243C93E800FB825B /* QuizBrain.swift in Sources */ = {isa = PBXBuildFile; fileRef = FA334E07243C93E800FB825B /* QuizBrain.swift */; };
/* End PBXBuildFile section */

/* Begin PBXFileReference section */
		FA334DEB243C83DB00FB825B /* Coding Quiz.app */ = {isa = PBXFileReference; explicitFileType = wrapper.application; includeInIndex = 0; path = "Coding Quiz.app"; sourceTree = BUILT_PRODUCTS_DIR; };
		FA334DEE243C83DB00FB825B /* AppDelegate.swift */ = {isa = PBXFileReference; lastKnownFileType = sourcecode.swift; path = AppDelegate.swift; sourceTree = "<group>"; };
		FA334DF0243C83DB00FB825B /* SceneDelegate.swift */ = {isa = PBXFileReference; lastKnownFileType = sourcecode.swift; path = SceneDelegate.swift; sourceTree = "<group>"; };
		FA334DF2243C83DB00FB825B /* ViewController.swift */ = {isa = PBXFileReference; lastKnownFileType = sourcecode.swift; path = ViewController.swift; sourceTree = "<group>"; };
		FA334DF5243C83DB00FB825B /* Base */ = {isa = PBXFileReference; lastKnownFileType = file.storyboard; name = Base; path = Base.lproj/Main.storyboard; sourceTree = "<group>"; };
		FA334DF7243C83E000FB825B /* Assets.xcassets */ = {isa = PBXFileReference; lastKnownFileType = folder.assetcatalog; path = Assets.xcassets; sourceTree = "<group>"; };
		FA334DFA243C83E000FB825B /* Base */ = {isa = PBXFileReference; lastKnownFileType = file.storyboard; name = Base; path = Base.lproj/LaunchScreen.storyboard; sourceTree = "<group>"; };
		FA334DFC243C83E000FB825B /* Info.plist */ = {isa = PBXFileReference; lastKnownFileType = text.plist.xml; path = Info.plist; sourceTree = "<group>"; };
		FA334E02243C8E0800FB825B /* Quiz.swift */ = {isa = PBXFileReference; lastKnownFileType = sourcecode.swift; path = Quiz.swift; sourceTree = "<group>"; };
		FA334E07243C93E800FB825B /* QuizBrain.swift */ = {isa = PBXFileReference; lastKnownFileType = sourcecode.swift; path = QuizBrain.swift; sourceTree = "<group>"; };
/* End PBXFileReference section */

/* Begin PBXFrameworksBuildPhase section */
		FA334DE8243C83DB00FB825B /* Frameworks */ = {
			isa = PBXFrameworksBuildPhase;
			buildActionMask = 2147483647;
			files = (
			);
			runOnlyForDeploymentPostprocessing = 0;
		};
/* End PBXFrameworksBuildPhase section */

/* Begin PBXGroup section */
		FA334DE2243C83DB00FB825B = {
			isa = PBXGroup;
			children = (
				FA334DED243C83DB00FB825B /* Coding Quiz */,
				FA334DEC243C83DB00FB825B /* Products */,
			);
			sourceTree = "<group>";
		};
		FA334DEC243C83DB00FB825B /* Products */ = {
			isa = PBXGroup;
			children = (
				FA334DEB243C83DB00FB825B /* Coding Quiz.app */,
			);
			name = Products;
			sourceTree = "<group>";
		};
		FA334DED243C83DB00FB825B /* Coding Quiz */ = {
			isa = PBXGroup;
			children = (
				FA334DEE243C83DB00FB825B /* AppDelegate.swift */,
				FA334DF0243C83DB00FB825B /* SceneDelegate.swift */,
				FA334E04243C8E1800FB825B /* model */,
				FA334E05243C8E2100FB825B /* view */,
				FA334E06243C8E2900FB825B /* controllwer */,
				FA334DF7243C83E000FB825B /* Assets.xcassets */,
				FA334DF9243C83E000FB825B /* LaunchScreen.storyboard */,
				FA334DFC243C83E000FB825B /* Info.plist */,
			);
			path = "Coding Quiz";
			sourceTree = "<group>";
		};
		FA334E04243C8E1800FB825B /* model */ = {
			isa = PBXGroup;
			children = (
				FA334E02243C8E0800FB825B /* Quiz.swift */,
				FA334E07243C93E800FB825B /* QuizBrain.swift */,
			);
			path = model;
			sourceTree = "<group>";
		};
		FA334E05243C8E2100FB825B /* view */ = {
			isa = PBXGroup;
			children = (
				FA334DF4243C83DB00FB825B /* Main.storyboard */,
			);
			path = view;
			sourceTree = "<group>";
		};
		FA334E06243C8E2900FB825B /* controllwer */ = {
			isa = PBXGroup;
			children = (
				FA334DF2243C83DB00FB825B /* ViewController.swift */,
			);
			path = controllwer;
			sourceTree = "<group>";
		};
/* End PBXGroup section */

/* Begin PBXNativeTarget section */
		FA334DEA243C83DB00FB825B /* Coding Quiz */ = {
			isa = PBXNativeTarget;
			buildConfigurationList = FA334DFF243C83E000FB825B /* Build configuration list for PBXNativeTarget "Coding Quiz" */;
			buildPhases = (
				FA334DE7243C83DB00FB825B /* Sources */,
				FA334DE8243C83DB00FB825B /* Frameworks */,
				FA334DE9243C83DB00FB825B /* Resources */,
			);
			buildRules = (
			);
			dependencies = (
			);
			name = "Coding Quiz";
			productName = "Coding Quiz";
			productReference = FA334DEB243C83DB00FB825B /* Coding Quiz.app */;
			productType = "com.apple.product-type.application";
		};
/* End PBXNativeTarget section */

/* Begin PBXProject section */
		FA334DE3243C83DB00FB825B /* Project object */ = {
			isa = PBXProject;
			attributes = {
				LastSwiftUpdateCheck = 1130;
				LastUpgradeCheck = 1130;
				ORGANIZATIONNAME = "Nirav Patel";
				TargetAttributes = {
					FA334DEA243C83DB00FB825B = {
						CreatedOnToolsVersion = 11.3.1;
					};
				};
			};
			buildConfigurationList = FA334DE6243C83DB00FB825B /* Build configuration list for PBXProject "Coding Quiz" */;
			compatibilityVersion = "Xcode 9.3";
			developmentRegion = en;
			hasScannedForEncodings = 0;
			knownRegions = (
				en,
				Base,
			);
			mainGroup = FA334DE2243C83DB00FB825B;
			productRefGroup = FA334DEC243C83DB00FB825B /* Products */;
			projectDirPath = "";
			projectRoot = "";
			targets = (
				FA334DEA243C83DB00FB825B /* Coding Quiz */,
			);
		};
/* End PBXProject section */

/* Begin PBXResourcesBuildPhase section */
		FA334DE9243C83DB00FB825B /* Resources */ = {
			isa = PBXResourcesBuildPhase;
			buildActionMask = 2147483647;
			files = (
				FA334DFB243C83E000FB825B /* LaunchScreen.storyboard in Resources */,
				FA334DF8243C83E000FB825B /* Assets.xcassets in Resources */,
				FA334DF6243C83DB00FB825B /* Main.storyboard in Resources */,
			);
			runOnlyForDeploymentPostprocessing = 0;
		};
/* End PBXResourcesBuildPhase section */

/* Begin PBXSourcesBuildPhase section */
		FA334DE7243C83DB00FB825B /* Sources */ = {
			isa = PBXSourcesBuildPhase;
			buildActionMask = 2147483647;
			files = (
				FA334E08243C93E800FB825B /* QuizBrain.swift in Sources */,
				FA334DF3243C83DB00FB825B /* ViewController.swift in Sources */,
				FA334DEF243C83DB00FB825B /* AppDelegate.swift in Sources */,
				FA334E03243C8E0800FB825B /* Quiz.swift in Sources */,
				FA334DF1243C83DB00FB825B /* SceneDelegate.swift in Sources */,
			);
			runOnlyForDeploymentPostprocessing = 0;
		};
/* End PBXSourcesBuildPhase section */

/* Begin PBXVariantGroup section */
		FA334DF4243C83DB00FB825B /* Main.storyboard */ = {
			isa = PBXVariantGroup;
			children = (
				FA334DF5243C83DB00FB825B /* Base */,
			);
			name = Main.storyboard;
			sourceTree = "<group>";
		};
		FA334DF9243C83E000FB825B /* LaunchScreen.storyboard */ = {
			isa = PBXVariantGroup;
			children = (
				FA334DFA243C83E000FB825B /* Base */,
			);
			name = LaunchScreen.storyboard;
			sourceTree = "<group>";
		};
/* End PBXVariantGroup section */

/* Begin XCBuildConfiguration section */
		FA334DFD243C83E000FB825B /* Debug */ = {
			isa = XCBuildConfiguration;
			buildSettings = {
				ALWAYS_SEARCH_USER_PATHS = NO;
				CLANG_ANALYZER_NONNULL = YES;
				CLANG_ANALYZER_NUMBER_OBJECT_CONVERSION = YES_AGGRESSIVE;
				CLANG_CXX_LANGUAGE_STANDARD = "gnu++14";
				CLANG_CXX_LIBRARY = "libc++";
				CLANG_ENABLE_MODULES = YES;
				CLANG_ENABLE_OBJC_ARC = YES;
				CLANG_ENABLE_OBJC_WEAK = YES;
				CLANG_WARN_BLOCK_CAPTURE_AUTORELEASING = YES;
				CLANG_WARN_BOOL_CONVERSION = YES;
				CLANG_WARN_COMMA = YES;
				CLANG_WARN_CONSTANT_CONVERSION = YES;
				CLANG_WARN_DEPRECATED_OBJC_IMPLEMENTATIONS = YES;
				CLANG_WARN_DIRECT_OBJC_ISA_USAGE = YES_ERROR;
				CLANG_WARN_DOCUMENTATION_COMMENTS = YES;
				CLANG_WARN_EMPTY_BODY = YES;
				CLANG_WARN_ENUM_CONVERSION = YES;
				CLANG_WARN_INFINITE_RECURSION = YES;
				CLANG_WARN_INT_CONVERSION = YES;
				CLANG_WARN_NON_LITERAL_NULL_CONVERSION = YES;
				CLANG_WARN_OBJC_IMPLICIT_RETAIN_SELF = YES;
				CLANG_WARN_OBJC_LITERAL_CONVERSION = YES;
				CLANG_WARN_OBJC_ROOT_CLASS = YES_ERROR;
				CLANG_WARN_RANGE_LOOP_ANALYSIS = YES;
				CLANG_WARN_STRICT_PROTOTYPES = YES;
				CLANG_WARN_SUSPICIOUS_MOVE = YES;
				CLANG_WARN_UNGUARDED_AVAILABILITY = YES_AGGRESSIVE;
				CLANG_WARN_UNREACHABLE_CODE = YES;
				CLANG_WARN__DUPLICATE_METHOD_MATCH = YES;
				COPY_PHASE_STRIP = NO;
				DEBUG_INFORMATION_FORMAT = dwarf;
				ENABLE_STRICT_OBJC_MSGSEND = YES;
				ENABLE_TESTABILITY = YES;
				GCC_C_LANGUAGE_STANDARD = gnu11;
				GCC_DYNAMIC_NO_PIC = NO;
				GCC_NO_COMMON_BLOCKS = YES;
				GCC_OPTIMIZATION_LEVEL = 0;
				GCC_PREPROCESSOR_DEFINITIONS = (
					"DEBUG=1",
					"$(inherited)",
				);
				GCC_WARN_64_TO_32_BIT_CONVERSION = YES;
				GCC_WARN_ABOUT_RETURN_TYPE = YES_ERROR;
				GCC_WARN_UNDECLARED_SELECTOR = YES;
				GCC_WARN_UNINITIALIZED_AUTOS = YES_AGGRESSIVE;
				GCC_WARN_UNUSED_FUNCTION = YES;
				GCC_WARN_UNUSED_VARIABLE = YES;
				IPHONEOS_DEPLOYMENT_TARGET = 13.2;
				MTL_ENABLE_DEBUG_INFO = INCLUDE_SOURCE;
				MTL_FAST_MATH = YES;
				ONLY_ACTIVE_ARCH = YES;
				SDKROOT = iphoneos;
				SWIFT_ACTIVE_COMPILATION_CONDITIONS = DEBUG;
				SWIFT_OPTIMIZATION_LEVEL = "-Onone";
			};
			name = Debug;
		};
		FA334DFE243C83E000FB825B /* Release */ = {
			isa = XCBuildConfiguration;
			buildSettings = {
				ALWAYS_SEARCH_USER_PATHS = NO;
				CLANG_ANALYZER_NONNULL = YES;
				CLANG_ANALYZER_NUMBER_OBJECT_CONVERSION = YES_AGGRESSIVE;
				CLANG_CXX_LANGUAGE_STANDARD = "gnu++14";
				CLANG_CXX_LIBRARY = "libc++";
				CLANG_ENABLE_MODULES = YES;
				CLANG_ENABLE_OBJC_ARC = YES;
				CLANG_ENABLE_OBJC_WEAK = YES;
				CLANG_WARN_BLOCK_CAPTURE_AUTORELEASING = YES;
				CLANG_WARN_BOOL_CONVERSION = YES;
				CLANG_WARN_COMMA = YES;
				CLANG_WARN_CONSTANT_CONVERSION = YES;
				CLANG_WARN_DEPRECATED_OBJC_IMPLEMENTATIONS = YES;
				CLANG_WARN_DIRECT_OBJC_ISA_USAGE = YES_ERROR;
				CLANG_WARN_DOCUMENTATION_COMMENTS = YES;
				CLANG_WARN_EMPTY_BODY = YES;
				CLANG_WARN_ENUM_CONVERSION = YES;
				CLANG_WARN_INFINITE_RECURSION = YES;
				CLANG_WARN_INT_CONVERSION = YES;
				CLANG_WARN_NON_LITERAL_NULL_CONVERSION = YES;
				CLANG_WARN_OBJC_IMPLICIT_RETAIN_SELF = YES;
				CLANG_WARN_OBJC_LITERAL_CONVERSION = YES;
				CLANG_WARN_OBJC_ROOT_CLASS = YES_ERROR;
				CLANG_WARN_RANGE_LOOP_ANALYSIS = YES;
				CLANG_WARN_STRICT_PROTOTYPES = YES;
				CLANG_WARN_SUSPICIOUS_MOVE = YES;
				CLANG_WARN_UNGUARDED_AVAILABILITY = YES_AGGRESSIVE;
				CLANG_WARN_UNREACHABLE_CODE = YES;
				CLANG_WARN__DUPLICATE_METHOD_MATCH = YES;
				COPY_PHASE_STRIP = NO;
				DEBUG_INFORMATION_FORMAT = "dwarf-with-dsym";
				ENABLE_NS_ASSERTIONS = NO;
				ENABLE_STRICT_OBJC_MSGSEND = YES;
				GCC_C_LANGUAGE_STANDARD = gnu11;
				GCC_NO_COMMON_BLOCKS = YES;
				GCC_WARN_64_TO_32_BIT_CONVERSION = YES;
				GCC_WARN_ABOUT_RETURN_TYPE = YES_ERROR;
				GCC_WARN_UNDECLARED_SELECTOR = YES;
				GCC_WARN_UNINITIALIZED_AUTOS = YES_AGGRESSIVE;
				GCC_WARN_UNUSED_FUNCTION = YES;
				GCC_WARN_UNUSED_VARIABLE = YES;
				IPHONEOS_DEPLOYMENT_TARGET = 13.2;
				MTL_ENABLE_DEBUG_INFO = NO;
				MTL_FAST_MATH = YES;
				SDKROOT = iphoneos;
				SWIFT_COMPILATION_MODE = wholemodule;
				SWIFT_OPTIMIZATION_LEVEL = "-O";
				VALIDATE_PRODUCT = YES;
			};
			name = Release;
		};
		FA334E00243C83E000FB825B /* Debug */ = {
			isa = XCBuildConfiguration;
			buildSettings = {
				ASSETCATALOG_COMPILER_APPICON_NAME = AppIcon;
				CODE_SIGN_STYLE = Automatic;
				DEVELOPMENT_TEAM = T3XXAM97CZ;
				INFOPLIST_FILE = "Coding Quiz/Info.plist";
				LD_RUNPATH_SEARCH_PATHS = (
					"$(inherited)",
					"@executable_path/Frameworks",
				);
				PRODUCT_BUNDLE_IDENTIFIER = "com.nirav.Coding-Quiz";
				PRODUCT_NAME = "$(TARGET_NAME)";
				SWIFT_VERSION = 5.0;
				TARGETED_DEVICE_FAMILY = "1,2";
			};
			name = Debug;
		};
		FA334E01243C83E000FB825B /* Release */ = {
			isa = XCBuildConfiguration;
			buildSettings = {
				ASSETCATALOG_COMPILER_APPICON_NAME = AppIcon;
				CODE_SIGN_STYLE = Automatic;
				DEVELOPMENT_TEAM = T3XXAM97CZ;
				INFOPLIST_FILE = "Coding Quiz/Info.plist";
				LD_RUNPATH_SEARCH_PATHS = (
					"$(inherited)",
					"@executable_path/Frameworks",
				);
				PRODUCT_BUNDLE_IDENTIFIER = "com.nirav.Coding-Quiz";
				PRODUCT_NAME = "$(TARGET_NAME)";
				SWIFT_VERSION = 5.0;
				TARGETED_DEVICE_FAMILY = "1,2";
			};
			name = Release;
		};
/* End XCBuildConfiguration section */

/* Begin XCConfigurationList section */
		FA334DE6243C83DB00FB825B /* Build configuration list for PBXProject "Coding Quiz" */ = {
			isa = XCConfigurationList;
			buildConfigurations = (
				FA334DFD243C83E000FB825B /* Debug */,
				FA334DFE243C83E000FB825B /* Release */,
			);
			defaultConfigurationIsVisible = 0;
			defaultConfigurationName = Release;
		};
		FA334DFF243C83E000FB825B /* Build configuration list for PBXNativeTarget "Coding Quiz" */ = {
			isa = XCConfigurationList;
			buildConfigurations = (
				FA334E00243C83E000FB825B /* Debug */,
				FA334E01243C83E000FB825B /* Release */,
			);
			defaultConfigurationIsVisible = 0;
			defaultConfigurationName = Release;
		};
/* End XCConfigurationList section */
	};
	rootObject = FA334DE3243C83DB00FB825B /* Project object */;
}
